// !$*UTF8*$!
{
	archiveVersion = 1;
	classes = {
	};
	objectVersion = 56;
	objects = {

/* Begin PBXBuildFile section */
		B164293D29055B1400319AB8 /* TextViews.swift in Sources */ = {isa = PBXBuildFile; fileRef = B164293C29055B1400319AB8 /* TextViews.swift */; };
		B16B9AA32905596B00FE2252 /* EmptyNoteView.swift in Sources */ = {isa = PBXBuildFile; fileRef = B16B9AA22905596B00FE2252 /* EmptyNoteView.swift */; };
		B18E20122901EFA100B36C11 /* NotieApp.swift in Sources */ = {isa = PBXBuildFile; fileRef = B18E20112901EFA100B36C11 /* NotieApp.swift */; };
		B18E20142901EFA100B36C11 /* ContentView.swift in Sources */ = {isa = PBXBuildFile; fileRef = B18E20132901EFA100B36C11 /* ContentView.swift */; };
		B18E20162901EFA400B36C11 /* Assets.xcassets in Resources */ = {isa = PBXBuildFile; fileRef = B18E20152901EFA400B36C11 /* Assets.xcassets */; };
		B18E20192901EFA400B36C11 /* Preview Assets.xcassets in Resources */ = {isa = PBXBuildFile; fileRef = B18E20182901EFA400B36C11 /* Preview Assets.xcassets */; };
		B18E20232901EFA400B36C11 /* NotieTests.swift in Sources */ = {isa = PBXBuildFile; fileRef = B18E20222901EFA400B36C11 /* NotieTests.swift */; };
		B18E202D2901EFA400B36C11 /* NotieUITests.swift in Sources */ = {isa = PBXBuildFile; fileRef = B18E202C2901EFA400B36C11 /* NotieUITests.swift */; };
		B18E202F2901EFA400B36C11 /* NotieUITestsLaunchTests.swift in Sources */ = {isa = PBXBuildFile; fileRef = B18E202E2901EFA400B36C11 /* NotieUITestsLaunchTests.swift */; };
		B18E20402901F08300B36C11 /* Notie.xcdatamodeld in Sources */ = {isa = PBXBuildFile; fileRef = B18E203E2901F08300B36C11 /* Notie.xcdatamodeld */; };
		B18E20422901F12D00B36C11 /* DataController.swift in Sources */ = {isa = PBXBuildFile; fileRef = B18E20412901F12D00B36C11 /* DataController.swift */; };
		B18E20452901F7C900B36C11 /* NoteRowView.swift in Sources */ = {isa = PBXBuildFile; fileRef = B18E20442901F7C900B36C11 /* NoteRowView.swift */; };
		B1A205D529053CDF00535E1D /* AddEditNoteViewModel.swift in Sources */ = {isa = PBXBuildFile; fileRef = B1A205D429053CDF00535E1D /* AddEditNoteViewModel.swift */; };
		B1D238E92905694800BD1C0D /* Buttons.swift in Sources */ = {isa = PBXBuildFile; fileRef = B1D238E82905694800BD1C0D /* Buttons.swift */; };
		B1F51F3E29052C7F008F6A26 /* AddEditNoteView.swift in Sources */ = {isa = PBXBuildFile; fileRef = B1F51F3D29052C7F008F6A26 /* AddEditNoteView.swift */; };
		B1F51F41290534F0008F6A26 /* Extensions.swift in Sources */ = {isa = PBXBuildFile; fileRef = B1F51F40290534F0008F6A26 /* Extensions.swift */; };
/* End PBXBuildFile section */

/* Begin PBXContainerItemProxy section */
		B18E201F2901EFA400B36C11 /* PBXContainerItemProxy */ = {
			isa = PBXContainerItemProxy;
			containerPortal = B18E20062901EFA100B36C11 /* Project object */;
			proxyType = 1;
			remoteGlobalIDString = B18E200D2901EFA100B36C11;
			remoteInfo = Notie;
		};
		B18E20292901EFA400B36C11 /* PBXContainerItemProxy */ = {
			isa = PBXContainerItemProxy;
			containerPortal = B18E20062901EFA100B36C11 /* Project object */;
			proxyType = 1;
			remoteGlobalIDString = B18E200D2901EFA100B36C11;
			remoteInfo = Notie;
		};
/* End PBXContainerItemProxy section */

/* Begin PBXFileReference section */
		B164293C29055B1400319AB8 /* TextViews.swift */ = {isa = PBXFileReference; lastKnownFileType = sourcecode.swift; path = TextViews.swift; sourceTree = "<group>"; };
		B16B9AA22905596B00FE2252 /* EmptyNoteView.swift */ = {isa = PBXFileReference; lastKnownFileType = sourcecode.swift; path = EmptyNoteView.swift; sourceTree = "<group>"; };
		B18E200E2901EFA100B36C11 /* Notie.app */ = {isa = PBXFileReference; explicitFileType = wrapper.application; includeInIndex = 0; path = Notie.app; sourceTree = BUILT_PRODUCTS_DIR; };
		B18E20112901EFA100B36C11 /* NotieApp.swift */ = {isa = PBXFileReference; lastKnownFileType = sourcecode.swift; path = NotieApp.swift; sourceTree = "<group>"; };
		B18E20132901EFA100B36C11 /* ContentView.swift */ = {isa = PBXFileReference; lastKnownFileType = sourcecode.swift; path = ContentView.swift; sourceTree = "<group>"; };
		B18E20152901EFA400B36C11 /* Assets.xcassets */ = {isa = PBXFileReference; lastKnownFileType = folder.assetcatalog; path = Assets.xcassets; sourceTree = "<group>"; };
		B18E20182901EFA400B36C11 /* Preview Assets.xcassets */ = {isa = PBXFileReference; lastKnownFileType = folder.assetcatalog; path = "Preview Assets.xcassets"; sourceTree = "<group>"; };
		B18E201E2901EFA400B36C11 /* NotieTests.xctest */ = {isa = PBXFileReference; explicitFileType = wrapper.cfbundle; includeInIndex = 0; path = NotieTests.xctest; sourceTree = BUILT_PRODUCTS_DIR; };
		B18E20222901EFA400B36C11 /* NotieTests.swift */ = {isa = PBXFileReference; lastKnownFileType = sourcecode.swift; path = NotieTests.swift; sourceTree = "<group>"; };
		B18E20282901EFA400B36C11 /* NotieUITests.xctest */ = {isa = PBXFileReference; explicitFileType = wrapper.cfbundle; includeInIndex = 0; path = NotieUITests.xctest; sourceTree = BUILT_PRODUCTS_DIR; };
		B18E202C2901EFA400B36C11 /* NotieUITests.swift */ = {isa = PBXFileReference; lastKnownFileType = sourcecode.swift; path = NotieUITests.swift; sourceTree = "<group>"; };
		B18E202E2901EFA400B36C11 /* NotieUITestsLaunchTests.swift */ = {isa = PBXFileReference; lastKnownFileType = sourcecode.swift; path = NotieUITestsLaunchTests.swift; sourceTree = "<group>"; };
		B18E203F2901F08300B36C11 /* Notie.xcdatamodel */ = {isa = PBXFileReference; lastKnownFileType = wrapper.xcdatamodel; path = Notie.xcdatamodel; sourceTree = "<group>"; };
		B18E20412901F12D00B36C11 /* DataController.swift */ = {isa = PBXFileReference; lastKnownFileType = sourcecode.swift; path = DataController.swift; sourceTree = "<group>"; };
		B18E20442901F7C900B36C11 /* NoteRowView.swift */ = {isa = PBXFileReference; lastKnownFileType = sourcecode.swift; path = NoteRowView.swift; sourceTree = "<group>"; };
		B1A205D429053CDF00535E1D /* AddEditNoteViewModel.swift */ = {isa = PBXFileReference; lastKnownFileType = sourcecode.swift; path = AddEditNoteViewModel.swift; sourceTree = "<group>"; };
		B1D238E82905694800BD1C0D /* Buttons.swift */ = {isa = PBXFileReference; lastKnownFileType = sourcecode.swift; path = Buttons.swift; sourceTree = "<group>"; };
		B1F51F3D29052C7F008F6A26 /* AddEditNoteView.swift */ = {isa = PBXFileReference; lastKnownFileType = sourcecode.swift; path = AddEditNoteView.swift; sourceTree = "<group>"; };
		B1F51F40290534F0008F6A26 /* Extensions.swift */ = {isa = PBXFileReference; lastKnownFileType = sourcecode.swift; path = Extensions.swift; sourceTree = "<group>"; };
/* End PBXFileReference section */

/* Begin PBXFrameworksBuildPhase section */
		B18E200B2901EFA100B36C11 /* Frameworks */ = {
			isa = PBXFrameworksBuildPhase;
			buildActionMask = 2147483647;
			files = (
			);
			runOnlyForDeploymentPostprocessing = 0;
		};
		B18E201B2901EFA400B36C11 /* Frameworks */ = {
			isa = PBXFrameworksBuildPhase;
			buildActionMask = 2147483647;
			files = (
			);
			runOnlyForDeploymentPostprocessing = 0;
		};
		B18E20252901EFA400B36C11 /* Frameworks */ = {
			isa = PBXFrameworksBuildPhase;
			buildActionMask = 2147483647;
			files = (
			);
			runOnlyForDeploymentPostprocessing = 0;
		};
/* End PBXFrameworksBuildPhase section */

/* Begin PBXGroup section */
		B16B9A9C2905578700FE2252 /* Components */ = {
			isa = PBXGroup;
			children = (
				B18E20442901F7C900B36C11 /* NoteRowView.swift */,
				B16B9AA22905596B00FE2252 /* EmptyNoteView.swift */,
				B164293C29055B1400319AB8 /* TextViews.swift */,
				B1D238E82905694800BD1C0D /* Buttons.swift */,
			);
			path = Components;
			sourceTree = "<group>";
		};
		B16B9A9D290557B700FE2252 /* NotesListing */ = {
			isa = PBXGroup;
			children = (
				B18E20132901EFA100B36C11 /* ContentView.swift */,
			);
			path = NotesListing;
			sourceTree = "<group>";
		};
		B16B9A9F290557E600FE2252 /* AddNote */ = {
			isa = PBXGroup;
			children = (
				B1A205D429053CDF00535E1D /* AddEditNoteViewModel.swift */,
				B1F51F3D29052C7F008F6A26 /* AddEditNoteView.swift */,
			);
			path = AddNote;
			sourceTree = "<group>";
		};
		B18E20052901EFA100B36C11 = {
			isa = PBXGroup;
			children = (
				B18E20102901EFA100B36C11 /* Notie */,
				B18E20212901EFA400B36C11 /* NotieTests */,
				B18E202B2901EFA400B36C11 /* NotieUITests */,
				B18E200F2901EFA100B36C11 /* Products */,
			);
			sourceTree = "<group>";
		};
		B18E200F2901EFA100B36C11 /* Products */ = {
			isa = PBXGroup;
			children = (
				B18E200E2901EFA100B36C11 /* Notie.app */,
				B18E201E2901EFA400B36C11 /* NotieTests.xctest */,
				B18E20282901EFA400B36C11 /* NotieUITests.xctest */,
			);
			name = Products;
			sourceTree = "<group>";
		};
		B18E20102901EFA100B36C11 /* Notie */ = {
			isa = PBXGroup;
			children = (
				B1F51F3F290534DF008F6A26 /* Utils */,
				B18E20432901F74000B36C11 /* Views */,
				B18E203B2901F00100B36C11 /* Models */,
				B18E20112901EFA100B36C11 /* NotieApp.swift */,
				B18E20152901EFA400B36C11 /* Assets.xcassets */,
				B18E20172901EFA400B36C11 /* Preview Content */,
			);
			path = Notie;
			sourceTree = "<group>";
		};
		B18E20172901EFA400B36C11 /* Preview Content */ = {
			isa = PBXGroup;
			children = (
				B18E20182901EFA400B36C11 /* Preview Assets.xcassets */,
			);
			path = "Preview Content";
			sourceTree = "<group>";
		};
		B18E20212901EFA400B36C11 /* NotieTests */ = {
			isa = PBXGroup;
			children = (
				B18E20222901EFA400B36C11 /* NotieTests.swift */,
			);
			path = NotieTests;
			sourceTree = "<group>";
		};
		B18E202B2901EFA400B36C11 /* NotieUITests */ = {
			isa = PBXGroup;
			children = (
				B18E202C2901EFA400B36C11 /* NotieUITests.swift */,
				B18E202E2901EFA400B36C11 /* NotieUITestsLaunchTests.swift */,
			);
			path = NotieUITests;
			sourceTree = "<group>";
		};
		B18E203B2901F00100B36C11 /* Models */ = {
			isa = PBXGroup;
			children = (
				B18E20412901F12D00B36C11 /* DataController.swift */,
				B18E203E2901F08300B36C11 /* Notie.xcdatamodeld */,
			);
			path = Models;
			sourceTree = "<group>";
		};
		B18E20432901F74000B36C11 /* Views */ = {
			isa = PBXGroup;
			children = (
				B16B9A9C2905578700FE2252 /* Components */,
				B16B9A9D290557B700FE2252 /* NotesListing */,
				B16B9A9F290557E600FE2252 /* AddNote */,
			);
			path = Views;
			sourceTree = "<group>";
		};
		B1F51F3F290534DF008F6A26 /* Utils */ = {
			isa = PBXGroup;
			children = (
				B1F51F40290534F0008F6A26 /* Extensions.swift */,
			);
			path = Utils;
			sourceTree = "<group>";
		};
/* End PBXGroup section */

/* Begin PBXNativeTarget section */
		B18E200D2901EFA100B36C11 /* Notie */ = {
			isa = PBXNativeTarget;
			buildConfigurationList = B18E20322901EFA400B36C11 /* Build configuration list for PBXNativeTarget "Notie" */;
			buildPhases = (
				B18E200A2901EFA100B36C11 /* Sources */,
				B18E200B2901EFA100B36C11 /* Frameworks */,
				B18E200C2901EFA100B36C11 /* Resources */,
			);
			buildRules = (
			);
			dependencies = (
			);
			name = Notie;
			productName = Notie;
			productReference = B18E200E2901EFA100B36C11 /* Notie.app */;
			productType = "com.apple.product-type.application";
		};
		B18E201D2901EFA400B36C11 /* NotieTests */ = {
			isa = PBXNativeTarget;
			buildConfigurationList = B18E20352901EFA400B36C11 /* Build configuration list for PBXNativeTarget "NotieTests" */;
			buildPhases = (
				B18E201A2901EFA400B36C11 /* Sources */,
				B18E201B2901EFA400B36C11 /* Frameworks */,
				B18E201C2901EFA400B36C11 /* Resources */,
			);
			buildRules = (
			);
			dependencies = (
				B18E20202901EFA400B36C11 /* PBXTargetDependency */,
			);
			name = NotieTests;
			productName = NotieTests;
			productReference = B18E201E2901EFA400B36C11 /* NotieTests.xctest */;
			productType = "com.apple.product-type.bundle.unit-test";
		};
		B18E20272901EFA400B36C11 /* NotieUITests */ = {
			isa = PBXNativeTarget;
			buildConfigurationList = B18E20382901EFA400B36C11 /* Build configuration list for PBXNativeTarget "NotieUITests" */;
			buildPhases = (
				B18E20242901EFA400B36C11 /* Sources */,
				B18E20252901EFA400B36C11 /* Frameworks */,
				B18E20262901EFA400B36C11 /* Resources */,
			);
			buildRules = (
			);
			dependencies = (
				B18E202A2901EFA400B36C11 /* PBXTargetDependency */,
			);
			name = NotieUITests;
			productName = NotieUITests;
			productReference = B18E20282901EFA400B36C11 /* NotieUITests.xctest */;
			productType = "com.apple.product-type.bundle.ui-testing";
		};
/* End PBXNativeTarget section */

/* Begin PBXProject section */
		B18E20062901EFA100B36C11 /* Project object */ = {
			isa = PBXProject;
			attributes = {
				BuildIndependentTargetsInParallel = 1;
				LastSwiftUpdateCheck = 1400;
				LastUpgradeCheck = 1400;
				TargetAttributes = {
					B18E200D2901EFA100B36C11 = {
						CreatedOnToolsVersion = 14.0.1;
					};
					B18E201D2901EFA400B36C11 = {
						CreatedOnToolsVersion = 14.0.1;
						TestTargetID = B18E200D2901EFA100B36C11;
					};
					B18E20272901EFA400B36C11 = {
						CreatedOnToolsVersion = 14.0.1;
						TestTargetID = B18E200D2901EFA100B36C11;
					};
				};
			};
			buildConfigurationList = B18E20092901EFA100B36C11 /* Build configuration list for PBXProject "Notie" */;
			compatibilityVersion = "Xcode 14.0";
			developmentRegion = en;
			hasScannedForEncodings = 0;
			knownRegions = (
				en,
				Base,
			);
			mainGroup = B18E20052901EFA100B36C11;
			productRefGroup = B18E200F2901EFA100B36C11 /* Products */;
			projectDirPath = "";
			projectRoot = "";
			targets = (
				B18E200D2901EFA100B36C11 /* Notie */,
				B18E201D2901EFA400B36C11 /* NotieTests */,
				B18E20272901EFA400B36C11 /* NotieUITests */,
			);
		};
/* End PBXProject section */

/* Begin PBXResourcesBuildPhase section */
		B18E200C2901EFA100B36C11 /* Resources */ = {
			isa = PBXResourcesBuildPhase;
			buildActionMask = 2147483647;
			files = (
				B18E20192901EFA400B36C11 /* Preview Assets.xcassets in Resources */,
				B18E20162901EFA400B36C11 /* Assets.xcassets in Resources */,
			);
			runOnlyForDeploymentPostprocessing = 0;
		};
		B18E201C2901EFA400B36C11 /* Resources */ = {
			isa = PBXResourcesBuildPhase;
			buildActionMask = 2147483647;
			files = (
			);
			runOnlyForDeploymentPostprocessing = 0;
		};
		B18E20262901EFA400B36C11 /* Resources */ = {
			isa = PBXResourcesBuildPhase;
			buildActionMask = 2147483647;
			files = (
			);
			runOnlyForDeploymentPostprocessing = 0;
		};
/* End PBXResourcesBuildPhase section */

/* Begin PBXSourcesBuildPhase section */
		B18E200A2901EFA100B36C11 /* Sources */ = {
			isa = PBXSourcesBuildPhase;
			buildActionMask = 2147483647;
			files = (
				B1F51F3E29052C7F008F6A26 /* AddEditNoteView.swift in Sources */,
				B18E20402901F08300B36C11 /* Notie.xcdatamodeld in Sources */,
				B18E20422901F12D00B36C11 /* DataController.swift in Sources */,
				B1D238E92905694800BD1C0D /* Buttons.swift in Sources */,
				B164293D29055B1400319AB8 /* TextViews.swift in Sources */,
				B18E20452901F7C900B36C11 /* NoteRowView.swift in Sources */,
				B18E20142901EFA100B36C11 /* ContentView.swift in Sources */,
				B18E20122901EFA100B36C11 /* NotieApp.swift in Sources */,
				B1A205D529053CDF00535E1D /* AddEditNoteViewModel.swift in Sources */,
				B16B9AA32905596B00FE2252 /* EmptyNoteView.swift in Sources */,
				B1F51F41290534F0008F6A26 /* Extensions.swift in Sources */,
			);
			runOnlyForDeploymentPostprocessing = 0;
		};
		B18E201A2901EFA400B36C11 /* Sources */ = {
			isa = PBXSourcesBuildPhase;
			buildActionMask = 2147483647;
			files = (
				B18E20232901EFA400B36C11 /* NotieTests.swift in Sources */,
			);
			runOnlyForDeploymentPostprocessing = 0;
		};
		B18E20242901EFA400B36C11 /* Sources */ = {
			isa = PBXSourcesBuildPhase;
			buildActionMask = 2147483647;
			files = (
				B18E202F2901EFA400B36C11 /* NotieUITestsLaunchTests.swift in Sources */,
				B18E202D2901EFA400B36C11 /* NotieUITests.swift in Sources */,
			);
			runOnlyForDeploymentPostprocessing = 0;
		};
/* End PBXSourcesBuildPhase section */

/* Begin PBXTargetDependency section */
		B18E20202901EFA400B36C11 /* PBXTargetDependency */ = {
			isa = PBXTargetDependency;
			target = B18E200D2901EFA100B36C11 /* Notie */;
			targetProxy = B18E201F2901EFA400B36C11 /* PBXContainerItemProxy */;
		};
		B18E202A2901EFA400B36C11 /* PBXTargetDependency */ = {
			isa = PBXTargetDependency;
			target = B18E200D2901EFA100B36C11 /* Notie */;
			targetProxy = B18E20292901EFA400B36C11 /* PBXContainerItemProxy */;
		};
/* End PBXTargetDependency section */

/* Begin XCBuildConfiguration section */
		B18E20302901EFA400B36C11 /* Debug */ = {
			isa = XCBuildConfiguration;
			buildSettings = {
				ALWAYS_SEARCH_USER_PATHS = NO;
				CLANG_ANALYZER_NONNULL = YES;
				CLANG_ANALYZER_NUMBER_OBJECT_CONVERSION = YES_AGGRESSIVE;
				CLANG_CXX_LANGUAGE_STANDARD = "gnu++20";
				CLANG_ENABLE_MODULES = YES;
				CLANG_ENABLE_OBJC_ARC = YES;
				CLANG_ENABLE_OBJC_WEAK = YES;
				CLANG_WARN_BLOCK_CAPTURE_AUTORELEASING = YES;
				CLANG_WARN_BOOL_CONVERSION = YES;
				CLANG_WARN_COMMA = YES;
				CLANG_WARN_CONSTANT_CONVERSION = YES;
				CLANG_WARN_DEPRECATED_OBJC_IMPLEMENTATIONS = YES;
				CLANG_WARN_DIRECT_OBJC_ISA_USAGE = YES_ERROR;
				CLANG_WARN_DOCUMENTATION_COMMENTS = YES;
				CLANG_WARN_EMPTY_BODY = YES;
				CLANG_WARN_ENUM_CONVERSION = YES;
				CLANG_WARN_INFINITE_RECURSION = YES;
				CLANG_WARN_INT_CONVERSION = YES;
				CLANG_WARN_NON_LITERAL_NULL_CONVERSION = YES;
				CLANG_WARN_OBJC_IMPLICIT_RETAIN_SELF = YES;
				CLANG_WARN_OBJC_LITERAL_CONVERSION = YES;
				CLANG_WARN_OBJC_ROOT_CLASS = YES_ERROR;
				CLANG_WARN_QUOTED_INCLUDE_IN_FRAMEWORK_HEADER = YES;
				CLANG_WARN_RANGE_LOOP_ANALYSIS = YES;
				CLANG_WARN_STRICT_PROTOTYPES = YES;
				CLANG_WARN_SUSPICIOUS_MOVE = YES;
				CLANG_WARN_UNGUARDED_AVAILABILITY = YES_AGGRESSIVE;
				CLANG_WARN_UNREACHABLE_CODE = YES;
				CLANG_WARN__DUPLICATE_METHOD_MATCH = YES;
				COPY_PHASE_STRIP = NO;
				DEBUG_INFORMATION_FORMAT = dwarf;
				ENABLE_STRICT_OBJC_MSGSEND = YES;
				ENABLE_TESTABILITY = YES;
				GCC_C_LANGUAGE_STANDARD = gnu11;
				GCC_DYNAMIC_NO_PIC = NO;
				GCC_NO_COMMON_BLOCKS = YES;
				GCC_OPTIMIZATION_LEVEL = 0;
				GCC_PREPROCESSOR_DEFINITIONS = (
					"DEBUG=1",
					"$(inherited)",
				);
				GCC_WARN_64_TO_32_BIT_CONVERSION = YES;
				GCC_WARN_ABOUT_RETURN_TYPE = YES_ERROR;
				GCC_WARN_UNDECLARED_SELECTOR = YES;
				GCC_WARN_UNINITIALIZED_AUTOS = YES_AGGRESSIVE;
				GCC_WARN_UNUSED_FUNCTION = YES;
				GCC_WARN_UNUSED_VARIABLE = YES;
				IPHONEOS_DEPLOYMENT_TARGET = 16.0;
				MTL_ENABLE_DEBUG_INFO = INCLUDE_SOURCE;
				MTL_FAST_MATH = YES;
				ONLY_ACTIVE_ARCH = YES;
				SDKROOT = iphoneos;
				SWIFT_ACTIVE_COMPILATION_CONDITIONS = DEBUG;
				SWIFT_OPTIMIZATION_LEVEL = "-Onone";
			};
			name = Debug;
		};
		B18E20312901EFA400B36C11 /* Release */ = {
			isa = XCBuildConfiguration;
			buildSettings = {
				ALWAYS_SEARCH_USER_PATHS = NO;
				CLANG_ANALYZER_NONNULL = YES;
				CLANG_ANALYZER_NUMBER_OBJECT_CONVERSION = YES_AGGRESSIVE;
				CLANG_CXX_LANGUAGE_STANDARD = "gnu++20";
				CLANG_ENABLE_MODULES = YES;
				CLANG_ENABLE_OBJC_ARC = YES;
				CLANG_ENABLE_OBJC_WEAK = YES;
				CLANG_WARN_BLOCK_CAPTURE_AUTORELEASING = YES;
				CLANG_WARN_BOOL_CONVERSION = YES;
				CLANG_WARN_COMMA = YES;
				CLANG_WARN_CONSTANT_CONVERSION = YES;
				CLANG_WARN_DEPRECATED_OBJC_IMPLEMENTATIONS = YES;
				CLANG_WARN_DIRECT_OBJC_ISA_USAGE = YES_ERROR;
				CLANG_WARN_DOCUMENTATION_COMMENTS = YES;
				CLANG_WARN_EMPTY_BODY = YES;
				CLANG_WARN_ENUM_CONVERSION = YES;
				CLANG_WARN_INFINITE_RECURSION = YES;
				CLANG_WARN_INT_CONVERSION = YES;
				CLANG_WARN_NON_LITERAL_NULL_CONVERSION = YES;
				CLANG_WARN_OBJC_IMPLICIT_RETAIN_SELF = YES;
				CLANG_WARN_OBJC_LITERAL_CONVERSION = YES;
				CLANG_WARN_OBJC_ROOT_CLASS = YES_ERROR;
				CLANG_WARN_QUOTED_INCLUDE_IN_FRAMEWORK_HEADER = YES;
				CLANG_WARN_RANGE_LOOP_ANALYSIS = YES;
				CLANG_WARN_STRICT_PROTOTYPES = YES;
				CLANG_WARN_SUSPICIOUS_MOVE = YES;
				CLANG_WARN_UNGUARDED_AVAILABILITY = YES_AGGRESSIVE;
				CLANG_WARN_UNREACHABLE_CODE = YES;
				CLANG_WARN__DUPLICATE_METHOD_MATCH = YES;
				COPY_PHASE_STRIP = NO;
				DEBUG_INFORMATION_FORMAT = "dwarf-with-dsym";
				ENABLE_NS_ASSERTIONS = NO;
				ENABLE_STRICT_OBJC_MSGSEND = YES;
				GCC_C_LANGUAGE_STANDARD = gnu11;
				GCC_NO_COMMON_BLOCKS = YES;
				GCC_WARN_64_TO_32_BIT_CONVERSION = YES;
				GCC_WARN_ABOUT_RETURN_TYPE = YES_ERROR;
				GCC_WARN_UNDECLARED_SELECTOR = YES;
				GCC_WARN_UNINITIALIZED_AUTOS = YES_AGGRESSIVE;
				GCC_WARN_UNUSED_FUNCTION = YES;
				GCC_WARN_UNUSED_VARIABLE = YES;
				IPHONEOS_DEPLOYMENT_TARGET = 16.0;
				MTL_ENABLE_DEBUG_INFO = NO;
				MTL_FAST_MATH = YES;
				SDKROOT = iphoneos;
				SWIFT_COMPILATION_MODE = wholemodule;
				SWIFT_OPTIMIZATION_LEVEL = "-O";
				VALIDATE_PRODUCT = YES;
			};
			name = Release;
		};
		B18E20332901EFA400B36C11 /* Debug */ = {
			isa = XCBuildConfiguration;
			buildSettings = {
				ASSETCATALOG_COMPILER_APPICON_NAME = AppIcon;
				ASSETCATALOG_COMPILER_GLOBAL_ACCENT_COLOR_NAME = AccentColor;
				CODE_SIGN_STYLE = Automatic;
				CURRENT_PROJECT_VERSION = 1;
				DEVELOPMENT_ASSET_PATHS = "\"Notie/Preview Content\"";
				DEVELOPMENT_TEAM = DSJLPP3Y65;
				ENABLE_PREVIEWS = YES;
				GENERATE_INFOPLIST_FILE = YES;
				INFOPLIST_KEY_UIApplicationSceneManifest_Generation = YES;
				INFOPLIST_KEY_UIApplicationSupportsIndirectInputEvents = YES;
				INFOPLIST_KEY_UILaunchScreen_Generation = YES;
				INFOPLIST_KEY_UISupportedInterfaceOrientations_iPad = "UIInterfaceOrientationPortrait UIInterfaceOrientationPortraitUpsideDown UIInterfaceOrientationLandscapeLeft UIInterfaceOrientationLandscapeRight";
				INFOPLIST_KEY_UISupportedInterfaceOrientations_iPhone = "UIInterfaceOrientationPortrait UIInterfaceOrientationLandscapeLeft UIInterfaceOrientationLandscapeRight";
				LD_RUNPATH_SEARCH_PATHS = (
					"$(inherited)",
					"@executable_path/Frameworks",
				);
				MARKETING_VERSION = 1.0;
				PRODUCT_BUNDLE_IDENTIFIER = com.danielwaiguru.Notie;
				PRODUCT_NAME = "$(TARGET_NAME)";
				SWIFT_EMIT_LOC_STRINGS = YES;
				SWIFT_VERSION = 5.0;
				TARGETED_DEVICE_FAMILY = "1,2";
			};
			name = Debug;
		};
		B18E20342901EFA400B36C11 /* Release */ = {
			isa = XCBuildConfiguration;
			buildSettings = {
				ASSETCATALOG_COMPILER_APPICON_NAME = AppIcon;
				ASSETCATALOG_COMPILER_GLOBAL_ACCENT_COLOR_NAME = AccentColor;
				CODE_SIGN_STYLE = Automatic;
				CURRENT_PROJECT_VERSION = 1;
				DEVELOPMENT_ASSET_PATHS = "\"Notie/Preview Content\"";
				DEVELOPMENT_TEAM = DSJLPP3Y65;
				ENABLE_PREVIEWS = YES;
				GENERATE_INFOPLIST_FILE = YES;
				INFOPLIST_KEY_UIApplicationSceneManifest_Generation = YES;
				INFOPLIST_KEY_UIApplicationSupportsIndirectInputEvents = YES;
				INFOPLIST_KEY_UILaunchScreen_Generation = YES;
				INFOPLIST_KEY_UISupportedInterfaceOrientations_iPad = "UIInterfaceOrientationPortrait UIInterfaceOrientationPortraitUpsideDown UIInterfaceOrientationLandscapeLeft UIInterfaceOrientationLandscapeRight";
				INFOPLIST_KEY_UISupportedInterfaceOrientations_iPhone = "UIInterfaceOrientationPortrait UIInterfaceOrientationLandscapeLeft UIInterfaceOrientationLandscapeRight";
				LD_RUNPATH_SEARCH_PATHS = (
					"$(inherited)",
					"@executable_path/Frameworks",
				);
				MARKETING_VERSION = 1.0;
				PRODUCT_BUNDLE_IDENTIFIER = com.danielwaiguru.Notie;
				PRODUCT_NAME = "$(TARGET_NAME)";
				SWIFT_EMIT_LOC_STRINGS = YES;
				SWIFT_VERSION = 5.0;
				TARGETED_DEVICE_FAMILY = "1,2";
			};
			name = Release;
		};
		B18E20362901EFA400B36C11 /* Debug */ = {
			isa = XCBuildConfiguration;
			buildSettings = {
				ALWAYS_EMBED_SWIFT_STANDARD_LIBRARIES = YES;
				BUNDLE_LOADER = "$(TEST_HOST)";
				CODE_SIGN_STYLE = Automatic;
				CURRENT_PROJECT_VERSION = 1;
				DEVELOPMENT_TEAM = DSJLPP3Y65;
				GENERATE_INFOPLIST_FILE = YES;
				IPHONEOS_DEPLOYMENT_TARGET = 16.0;
				MARKETING_VERSION = 1.0;
				PRODUCT_BUNDLE_IDENTIFIER = com.danielwaiguru.NotieTests;
				PRODUCT_NAME = "$(TARGET_NAME)";
				SWIFT_EMIT_LOC_STRINGS = NO;
				SWIFT_VERSION = 5.0;
				TARGETED_DEVICE_FAMILY = "1,2";
				TEST_HOST = "$(BUILT_PRODUCTS_DIR)/Notie.app/$(BUNDLE_EXECUTABLE_FOLDER_PATH)/Notie";
			};
			name = Debug;
		};
		B18E20372901EFA400B36C11 /* Release */ = {
			isa = XCBuildConfiguration;
			buildSettings = {
				ALWAYS_EMBED_SWIFT_STANDARD_LIBRARIES = YES;
				BUNDLE_LOADER = "$(TEST_HOST)";
				CODE_SIGN_STYLE = Automatic;
				CURRENT_PROJECT_VERSION = 1;
				DEVELOPMENT_TEAM = DSJLPP3Y65;
				GENERATE_INFOPLIST_FILE = YES;
				IPHONEOS_DEPLOYMENT_TARGET = 16.0;
				MARKETING_VERSION = 1.0;
				PRODUCT_BUNDLE_IDENTIFIER = com.danielwaiguru.NotieTests;
				PRODUCT_NAME = "$(TARGET_NAME)";
				SWIFT_EMIT_LOC_STRINGS = NO;
				SWIFT_VERSION = 5.0;
				TARGETED_DEVICE_FAMILY = "1,2";
				TEST_HOST = "$(BUILT_PRODUCTS_DIR)/Notie.app/$(BUNDLE_EXECUTABLE_FOLDER_PATH)/Notie";
			};
			name = Release;
		};
		B18E20392901EFA400B36C11 /* Debug */ = {
			isa = XCBuildConfiguration;
			buildSettings = {
				ALWAYS_EMBED_SWIFT_STANDARD_LIBRARIES = YES;
				CODE_SIGN_STYLE = Automatic;
				CURRENT_PROJECT_VERSION = 1;
				DEVELOPMENT_TEAM = DSJLPP3Y65;
				GENERATE_INFOPLIST_FILE = YES;
				MARKETING_VERSION = 1.0;
				PRODUCT_BUNDLE_IDENTIFIER = com.danielwaiguru.NotieUITests;
				PRODUCT_NAME = "$(TARGET_NAME)";
				SWIFT_EMIT_LOC_STRINGS = NO;
				SWIFT_VERSION = 5.0;
				TARGETED_DEVICE_FAMILY = "1,2";
				TEST_TARGET_NAME = Notie;
			};
			name = Debug;
		};
		B18E203A2901EFA400B36C11 /* Release */ = {
			isa = XCBuildConfiguration;
			buildSettings = {
				ALWAYS_EMBED_SWIFT_STANDARD_LIBRARIES = YES;
				CODE_SIGN_STYLE = Automatic;
				CURRENT_PROJECT_VERSION = 1;
				DEVELOPMENT_TEAM = DSJLPP3Y65;
				GENERATE_INFOPLIST_FILE = YES;
				MARKETING_VERSION = 1.0;
				PRODUCT_BUNDLE_IDENTIFIER = com.danielwaiguru.NotieUITests;
				PRODUCT_NAME = "$(TARGET_NAME)";
				SWIFT_EMIT_LOC_STRINGS = NO;
				SWIFT_VERSION = 5.0;
				TARGETED_DEVICE_FAMILY = "1,2";
				TEST_TARGET_NAME = Notie;
			};
			name = Release;
		};
/* End XCBuildConfiguration section */

/* Begin XCConfigurationList section */
		B18E20092901EFA100B36C11 /* Build configuration list for PBXProject "Notie" */ = {
			isa = XCConfigurationList;
			buildConfigurations = (
				B18E20302901EFA400B36C11 /* Debug */,
				B18E20312901EFA400B36C11 /* Release */,
			);
			defaultConfigurationIsVisible = 0;
			defaultConfigurationName = Release;
		};
		B18E20322901EFA400B36C11 /* Build configuration list for PBXNativeTarget "Notie" */ = {
			isa = XCConfigurationList;
			buildConfigurations = (
				B18E20332901EFA400B36C11 /* Debug */,
				B18E20342901EFA400B36C11 /* Release */,
			);
			defaultConfigurationIsVisible = 0;
			defaultConfigurationName = Release;
		};
		B18E20352901EFA400B36C11 /* Build configuration list for PBXNativeTarget "NotieTests" */ = {
			isa = XCConfigurationList;
			buildConfigurations = (
				B18E20362901EFA400B36C11 /* Debug */,
				B18E20372901EFA400B36C11 /* Release */,
			);
			defaultConfigurationIsVisible = 0;
			defaultConfigurationName = Release;
		};
		B18E20382901EFA400B36C11 /* Build configuration list for PBXNativeTarget "NotieUITests" */ = {
			isa = XCConfigurationList;
			buildConfigurations = (
				B18E20392901EFA400B36C11 /* Debug */,
				B18E203A2901EFA400B36C11 /* Release */,
			);
			defaultConfigurationIsVisible = 0;
			defaultConfigurationName = Release;
		};
/* End XCConfigurationList section */

/* Begin XCVersionGroup section */
		B18E203E2901F08300B36C11 /* Notie.xcdatamodeld */ = {
			isa = XCVersionGroup;
			children = (
				B18E203F2901F08300B36C11 /* Notie.xcdatamodel */,
			);
			currentVersion = B18E203F2901F08300B36C11 /* Notie.xcdatamodel */;
			path = Notie.xcdatamodeld;
			sourceTree = "<group>";
			versionGroupType = wrapper.xcdatamodel;
		};
/* End XCVersionGroup section */
	};
	rootObject = B18E20062901EFA100B36C11 /* Project object */;
}
